
Microsoft Visual Studio Solution File, Format Version 12.00
# Visual Studio Version 16
VisualStudioVersion = 16.0.32228.343
MinimumVisualStudioVersion = 10.0.40219.1
Project("{FAE04EC0-301F-11D3-BF4B-00C04F79EFBC}") = "Zadanie", "Zadanie.csproj", "{2617973B-AFA2-47E6-92FC-6BB677F7DA65}"
EndProject
Project("{FAE04EC0-301F-11D3-BF4B-00C04F79EFBC}") = "DownloadText", "..\DownloadWebText\DownloadText.csproj", "{1BF5AA93-77A2-4439-95B5-EC64DC95B698}"
EndProject
Project("{FAE04EC0-301F-11D3-BF4B-00C04F79EFBC}") = "File_manager", "..\Write_to_file_txt\File_manager.csproj", "{BD51C0BB-12C0-4B5E-B944-6E21E14CCD5B}"
EndProject
Global
	GlobalSection(SolutionConfigurationPlatforms) = preSolution
		Debug|Any CPU = Debug|Any CPU
		Release|Any CPU = Release|Any CPU
	EndGlobalSection
	GlobalSection(ProjectConfigurationPlatforms) = postSolution
		{2617973B-AFA2-47E6-92FC-6BB677F7DA65}.Debug|Any CPU.ActiveCfg = Debug|Any CPU
		{2617973B-AFA2-47E6-92FC-6BB677F7DA65}.Debug|Any CPU.Build.0 = Debug|Any CPU
		{2617973B-AFA2-47E6-92FC-6BB677F7DA65}.Release|Any CPU.ActiveCfg = Release|Any CPU
		{2617973B-AFA2-47E6-92FC-6BB677F7DA65}.Release|Any CPU.Build.0 = Release|Any CPU
		{1BF5AA93-77A2-4439-95B5-EC64DC95B698}.Debug|Any CPU.ActiveCfg = Debug|Any CPU
		{1BF5AA93-77A2-4439-95B5-EC64DC95B698}.Debug|Any CPU.Build.0 = Debug|Any CPU
		{1BF5AA93-77A2-4439-95B5-EC64DC95B698}.Release|Any CPU.ActiveCfg = Release|Any CPU
		{1BF5AA93-77A2-4439-95B5-EC64DC95B698}.Release|Any CPU.Build.0 = Release|Any CPU
		{BD51C0BB-12C0-4B5E-B944-6E21E14CCD5B}.Debug|Any CPU.ActiveCfg = Debug|Any CPU
		{BD51C0BB-12C0-4B5E-B944-6E21E14CCD5B}.Debug|Any CPU.Build.0 = Debug|Any CPU
		{BD51C0BB-12C0-4B5E-B944-6E21E14CCD5B}.Release|Any CPU.ActiveCfg = Release|Any CPU
		{BD51C0BB-12C0-4B5E-B944-6E21E14CCD5B}.Release|Any CPU.Build.0 = Release|Any CPU
	EndGlobalSection
	GlobalSection(SolutionProperties) = preSolution
		HideSolutionNode = FALSE
	EndGlobalSection
	GlobalSection(ExtensibilityGlobals) = postSolution
		SolutionGuid = {CA020A67-C218-4BCC-AA7C-E055455D9495}
	EndGlobalSection
EndGlobal
